
Microsoft Visual Studio Solution File, Format Version 12.00
# Visual Studio Version 17
VisualStudioVersion = 17.13.35806.99
MinimumVisualStudioVersion = 10.0.40219.1
Project("{FAE04EC0-301F-11D3-BF4B-00C04F79EFBC}") = "Proformas", "Proformas\Proformas.csproj", "{F84A4CCD-1EB4-44DC-B933-AE6371B92A58}"
EndProject
Global
	GlobalSection(SolutionConfigurationPlatforms) = preSolution
		Debug|Any CPU = Debug|Any CPU
		Release|Any CPU = Release|Any CPU
	EndGlobalSection
	GlobalSection(ProjectConfigurationPlatforms) = postSolution
		{F84A4CCD-1EB4-44DC-B933-AE6371B92A58}.Debug|Any CPU.ActiveCfg = Debug|Any CPU
		{F84A4CCD-1EB4-44DC-B933-AE6371B92A58}.Debug|Any CPU.Build.0 = Debug|Any CPU
		{F84A4CCD-1EB4-44DC-B933-AE6371B92A58}.Release|Any CPU.ActiveCfg = Release|Any CPU
		{F84A4CCD-1EB4-44DC-B933-AE6371B92A58}.Release|Any CPU.Build.0 = Release|Any CPU
	EndGlobalSection
	GlobalSection(SolutionProperties) = preSolution
		HideSolutionNode = FALSE
	EndGlobalSection
	GlobalSection(ExtensibilityGlobals) = postSolution
		SolutionGuid = {D203DF39-73B0-4D5F-9BB0-69D7D6CB3855}
	EndGlobalSection
EndGlobal
